{
  "version": 4,
  "terraform_version": "1.6.6",
  "serial": 90,
  "lineage": "baa260b9-236a-ed30-d3e5-2ff1c411ee0c",
  "outputs": {},
  "resources": [
    {
      "mode": "managed",
      "type": "azurerm_linux_virtual_machine",
      "name": "Nginx",
      "provider": "provider[\"registry.terraform.io/hashicorp/azurerm\"]",
      "instances": [
        {
          "index_key": "Eastus",
          "schema_version": 0,
          "attributes": {
            "additional_capabilities": [],
            "admin_password": "Password123",
            "admin_ssh_key": [
              {
                "public_key": "ssh-rsa AAAAB3NzaC1yc2EAAAADAQABAAABgQDARnBJfspZuDeK5VGMFo/rZY5mNYU/KWWuO1KCDMlgOCSNXbjUS3tMmYcdBid5cbyJgSA8FYzPQDQKOMzc3at+XMEsUO+bA2rujR+GxY5kl0+4idAac2z9NdFy7EM0ZOjLHnwhhJYrEQDR84Uy8i6chKyaR0HfNo4TM87Z/bl/zKrgWjHtMj/oqxe6xORrs+aJfHG5Y6ew2bYm40/ESY5FVBXhoVr+fk66bK3Ary22f6soxTHa+xIUY0IlXhiP6XrM6qmmm5Bra/u1tTPGeqRoEo/MciX9tOwwgSRPQQNNw9y/LIisE0BpSRWonU7zgo3xIEmZogR9HiWPUT94Dn8TXGgnyeFPt/GIQBoxFKaI4dXGGze+smEdGyXnJzx3A4Qql436yyFu/zSE6WRFBZmQm+mZdaCkmkbZZzVt7kwFTpM6w23L7NzrkrBsWlYYhvdLrNnrdc6Af0sjD27A5RD4FpnUn3rZK6br1DTrpC/sbf6Zpn8ntP47VQ0tfS8Rf5c= azuread\\athirsonap@DESKTOP-O5C151G\r\n",
                "username": "adminuser"
              }
            ],
            "admin_username": "adminuser",
            "allow_extension_operations": true,
            "availability_set_id": "",
            "boot_diagnostics": [],
            "bypass_platform_safety_checks_on_user_schedule_enabled": false,
            "capacity_reservation_group_id": "",
            "computer_name": "NginxServer-Eastus",
            "custom_data": "IyEvYmluL2Jhc2gNCnN1ZG8gYXB0IHVwZGF0ZQ0KDQojaW5zdGFsbCBuZ2lueA0Kc3VkbyBhcHQgaW5zdGFsbCBuZ2lueA0Kc3lzdGVtY3RsIHN0YXJ0IG5naW54",
            "dedicated_host_group_id": "",
            "dedicated_host_id": "",
            "disable_password_authentication": false,
            "disk_controller_type": "SCSI",
            "edge_zone": "",
            "encryption_at_host_enabled": false,
            "eviction_policy": "",
            "extensions_time_budget": "PT1H30M",
            "gallery_application": [],
            "id": "/subscriptions/fb8777e1-661e-4739-a65f-da0009be9c82/resourceGroups/Neginx_Webserver/providers/Microsoft.Compute/virtualMachines/NginxServer-Eastus",
            "identity": [],
            "license_type": "",
            "location": "eastus",
            "max_bid_price": -1,
            "name": "NginxServer-Eastus",
            "network_interface_ids": [
              "/subscriptions/fb8777e1-661e-4739-a65f-da0009be9c82/resourceGroups/Neginx_Webserver/providers/Microsoft.Network/networkInterfaces/NginxNic-Eastus"
            ],
            "os_disk": [
              {
                "caching": "ReadWrite",
                "diff_disk_settings": [],
                "disk_encryption_set_id": "",
                "disk_size_gb": 30,
                "name": "NginxServer-Eastus_OsDisk_1_706f2e19ee534c208f7ee4b1c11a8457",
                "secure_vm_disk_encryption_set_id": "",
                "security_encryption_type": "",
                "storage_account_type": "Standard_LRS",
                "write_accelerator_enabled": false
              }
            ],
            "os_image_notification": [],
            "patch_assessment_mode": "ImageDefault",
            "patch_mode": "ImageDefault",
            "plan": [],
            "platform_fault_domain": -1,
            "priority": "Regular",
            "private_ip_address": "10.0.1.4",
            "private_ip_addresses": [
              "10.0.1.4"
            ],
            "provision_vm_agent": true,
            "proximity_placement_group_id": "",
            "public_ip_address": "172.191.12.218",
            "public_ip_addresses": [
              "172.191.12.218"
            ],
            "reboot_setting": "",
            "resource_group_name": "Neginx_Webserver",
            "secret": [],
            "secure_boot_enabled": false,
            "size": "Standard_D2s_v3",
            "source_image_id": "",
            "source_image_reference": [
              {
                "offer": "0001-com-ubuntu-server-jammy",
                "publisher": "Canonical",
                "sku": "22_04-lts-gen2",
                "version": "latest"
              }
            ],
            "tags": {},
            "termination_notification": [],
            "timeouts": null,
            "user_data": "",
            "virtual_machine_id": "3f27794e-e78e-4ef6-bedf-375fed3a2326",
            "virtual_machine_scale_set_id": "",
            "vm_agent_platform_updates_enabled": false,
            "vtpm_enabled": false,
            "zone": ""
          },
          "sensitive_attributes": [],
          "private": "eyJlMmJmYjczMC1lY2FhLTExZTYtOGY4OC0zNDM2M2JjN2M0YzAiOnsiY3JlYXRlIjoyNzAwMDAwMDAwMDAwLCJkZWxldGUiOjI3MDAwMDAwMDAwMDAsInJlYWQiOjMwMDAwMDAwMDAwMCwidXBkYXRlIjoyNzAwMDAwMDAwMDAwfX0=",
          "dependencies": [
            "azurerm_network_interface.net-int",
            "azurerm_public_ip.pip",
            "azurerm_resource_group.my_resource_group",
            "azurerm_subnet.linuxsubnet",
            "azurerm_virtual_network.vnet"
          ]
        },
        {
          "index_key": "Westus",
          "schema_version": 0,
          "attributes": {
            "additional_capabilities": [],
            "admin_password": "Password123",
            "admin_ssh_key": [
              {
                "public_key": "ssh-rsa AAAAB3NzaC1yc2EAAAADAQABAAABgQDARnBJfspZuDeK5VGMFo/rZY5mNYU/KWWuO1KCDMlgOCSNXbjUS3tMmYcdBid5cbyJgSA8FYzPQDQKOMzc3at+XMEsUO+bA2rujR+GxY5kl0+4idAac2z9NdFy7EM0ZOjLHnwhhJYrEQDR84Uy8i6chKyaR0HfNo4TM87Z/bl/zKrgWjHtMj/oqxe6xORrs+aJfHG5Y6ew2bYm40/ESY5FVBXhoVr+fk66bK3Ary22f6soxTHa+xIUY0IlXhiP6XrM6qmmm5Bra/u1tTPGeqRoEo/MciX9tOwwgSRPQQNNw9y/LIisE0BpSRWonU7zgo3xIEmZogR9HiWPUT94Dn8TXGgnyeFPt/GIQBoxFKaI4dXGGze+smEdGyXnJzx3A4Qql436yyFu/zSE6WRFBZmQm+mZdaCkmkbZZzVt7kwFTpM6w23L7NzrkrBsWlYYhvdLrNnrdc6Af0sjD27A5RD4FpnUn3rZK6br1DTrpC/sbf6Zpn8ntP47VQ0tfS8Rf5c= azuread\\athirsonap@DESKTOP-O5C151G\r\n",
                "username": "adminuser"
              }
            ],
            "admin_username": "adminuser",
            "allow_extension_operations": true,
            "availability_set_id": "",
            "boot_diagnostics": [],
            "bypass_platform_safety_checks_on_user_schedule_enabled": false,
            "capacity_reservation_group_id": "",
            "computer_name": "NginxServer-Westus",
            "custom_data": "IyEvYmluL2Jhc2gNCnN1ZG8gYXB0IHVwZGF0ZQ0KDQojaW5zdGFsbCBuZ2lueA0Kc3VkbyBhcHQgaW5zdGFsbCBuZ2lueA0Kc3lzdGVtY3RsIHN0YXJ0IG5naW54",
            "dedicated_host_group_id": "",
            "dedicated_host_id": "",
            "disable_password_authentication": false,
            "disk_controller_type": "SCSI",
            "edge_zone": "",
            "encryption_at_host_enabled": false,
            "eviction_policy": "",
            "extensions_time_budget": "PT1H30M",
            "gallery_application": [],
            "id": "/subscriptions/fb8777e1-661e-4739-a65f-da0009be9c82/resourceGroups/Neginx_Webserver/providers/Microsoft.Compute/virtualMachines/NginxServer-Westus",
            "identity": [],
            "license_type": "",
            "location": "westus",
            "max_bid_price": -1,
            "name": "NginxServer-Westus",
            "network_interface_ids": [
              "/subscriptions/fb8777e1-661e-4739-a65f-da0009be9c82/resourceGroups/Neginx_Webserver/providers/Microsoft.Network/networkInterfaces/NginxNic-Westus"
            ],
            "os_disk": [
              {
                "caching": "ReadWrite",
                "diff_disk_settings": [],
                "disk_encryption_set_id": "",
                "disk_size_gb": 30,
                "name": "NginxServer-Westus_OsDisk_1_7d8002a404224d3fa7c17355a0447407",
                "secure_vm_disk_encryption_set_id": "",
                "security_encryption_type": "",
                "storage_account_type": "Standard_LRS",
                "write_accelerator_enabled": false
              }
            ],
            "os_image_notification": [],
            "patch_assessment_mode": "ImageDefault",
            "patch_mode": "ImageDefault",
            "plan": [],
            "platform_fault_domain": -1,
            "priority": "Regular",
            "private_ip_address": "10.0.1.4",
            "private_ip_addresses": [
              "10.0.1.4"
            ],
            "provision_vm_agent": true,
            "proximity_placement_group_id": "",
            "public_ip_address": "13.91.19.155",
            "public_ip_addresses": [
              "13.91.19.155"
            ],
            "reboot_setting": "",
            "resource_group_name": "Neginx_Webserver",
            "secret": [],
            "secure_boot_enabled": false,
            "size": "Standard_D2s_v3",
            "source_image_id": "",
            "source_image_reference": [
              {
                "offer": "0001-com-ubuntu-server-jammy",
                "publisher": "Canonical",
                "sku": "22_04-lts-gen2",
                "version": "latest"
              }
            ],
            "tags": {},
            "termination_notification": [],
            "timeouts": null,
            "user_data": "",
            "virtual_machine_id": "7ba20eab-1c24-49ad-b096-e07fecb29841",
            "virtual_machine_scale_set_id": "",
            "vm_agent_platform_updates_enabled": false,
            "vtpm_enabled": false,
            "zone": ""
          },
          "sensitive_attributes": [],
          "private": "eyJlMmJmYjczMC1lY2FhLTExZTYtOGY4OC0zNDM2M2JjN2M0YzAiOnsiY3JlYXRlIjoyNzAwMDAwMDAwMDAwLCJkZWxldGUiOjI3MDAwMDAwMDAwMDAsInJlYWQiOjMwMDAwMDAwMDAwMCwidXBkYXRlIjoyNzAwMDAwMDAwMDAwfX0=",
          "dependencies": [
            "azurerm_network_interface.net-int",
            "azurerm_public_ip.pip",
            "azurerm_resource_group.my_resource_group",
            "azurerm_subnet.linuxsubnet",
            "azurerm_virtual_network.vnet"
          ]
        }
      ]
    },
    {
      "mode": "managed",
      "type": "azurerm_network_interface",
      "name": "net-int",
      "provider": "provider[\"registry.terraform.io/hashicorp/azurerm\"]",
      "instances": [
        {
          "index_key": "Eastus",
          "schema_version": 0,
          "attributes": {
            "applied_dns_servers": [],
            "auxiliary_mode": "",
            "auxiliary_sku": "",
            "dns_servers": [],
            "edge_zone": "",
            "enable_accelerated_networking": false,
            "enable_ip_forwarding": false,
            "id": "/subscriptions/fb8777e1-661e-4739-a65f-da0009be9c82/resourceGroups/Neginx_Webserver/providers/Microsoft.Network/networkInterfaces/NginxNic-Eastus",
            "internal_dns_name_label": "",
            "internal_domain_name_suffix": "qqgpithdiqaulaodun1yqlking.bx.internal.cloudapp.net",
            "ip_configuration": [
              {
                "gateway_load_balancer_frontend_ip_configuration_id": "",
                "name": "NginxPrivateIpEastus",
                "primary": true,
                "private_ip_address": "10.0.1.4",
                "private_ip_address_allocation": "Dynamic",
                "private_ip_address_version": "IPv4",
                "public_ip_address_id": "/subscriptions/fb8777e1-661e-4739-a65f-da0009be9c82/resourceGroups/Neginx_Webserver/providers/Microsoft.Network/publicIPAddresses/Pip_Eastus",
                "subnet_id": "/subscriptions/fb8777e1-661e-4739-a65f-da0009be9c82/resourceGroups/Neginx_Webserver/providers/Microsoft.Network/virtualNetworks/Vnet_Eastus/subnets/subnet_Eastus"
              }
            ],
            "location": "eastus",
            "mac_address": "60-45-BD-EC-99-1F",
            "name": "NginxNic-Eastus",
            "private_ip_address": "10.0.1.4",
            "private_ip_addresses": [
              "10.0.1.4"
            ],
            "resource_group_name": "Neginx_Webserver",
            "tags": {},
            "timeouts": null,
            "virtual_machine_id": "/subscriptions/fb8777e1-661e-4739-a65f-da0009be9c82/resourceGroups/Neginx_Webserver/providers/Microsoft.Compute/virtualMachines/NginxServer-Eastus"
          },
          "sensitive_attributes": [],
          "private": "eyJlMmJmYjczMC1lY2FhLTExZTYtOGY4OC0zNDM2M2JjN2M0YzAiOnsiY3JlYXRlIjoxODAwMDAwMDAwMDAwLCJkZWxldGUiOjE4MDAwMDAwMDAwMDAsInJlYWQiOjMwMDAwMDAwMDAwMCwidXBkYXRlIjoxODAwMDAwMDAwMDAwfX0=",
          "dependencies": [
            "azurerm_public_ip.pip",
            "azurerm_resource_group.my_resource_group",
            "azurerm_subnet.linuxsubnet",
            "azurerm_virtual_network.vnet"
          ]
        },
        {
          "index_key": "Westus",
          "schema_version": 0,
          "attributes": {
            "applied_dns_servers": [],
            "auxiliary_mode": "",
            "auxiliary_sku": "",
            "dns_servers": [],
            "edge_zone": "",
            "enable_accelerated_networking": false,
            "enable_ip_forwarding": false,
            "id": "/subscriptions/fb8777e1-661e-4739-a65f-da0009be9c82/resourceGroups/Neginx_Webserver/providers/Microsoft.Network/networkInterfaces/NginxNic-Westus",
            "internal_dns_name_label": "",
            "internal_domain_name_suffix": "pe5gy0zgq2mufcs2nhq3kgjflg.dx.internal.cloudapp.net",
            "ip_configuration": [
              {
                "gateway_load_balancer_frontend_ip_configuration_id": "",
                "name": "NginxPrivateIpWestus",
                "primary": true,
                "private_ip_address": "10.0.1.4",
                "private_ip_address_allocation": "Dynamic",
                "private_ip_address_version": "IPv4",
                "public_ip_address_id": "/subscriptions/fb8777e1-661e-4739-a65f-da0009be9c82/resourceGroups/Neginx_Webserver/providers/Microsoft.Network/publicIPAddresses/Pip_Westus",
                "subnet_id": "/subscriptions/fb8777e1-661e-4739-a65f-da0009be9c82/resourceGroups/Neginx_Webserver/providers/Microsoft.Network/virtualNetworks/Vnet_Westus/subnets/subnet_Westus"
              }
            ],
            "location": "westus",
            "mac_address": "00-22-48-0C-59-8F",
            "name": "NginxNic-Westus",
            "private_ip_address": "10.0.1.4",
            "private_ip_addresses": [
              "10.0.1.4"
            ],
            "resource_group_name": "Neginx_Webserver",
            "tags": {},
            "timeouts": null,
            "virtual_machine_id": "/subscriptions/fb8777e1-661e-4739-a65f-da0009be9c82/resourceGroups/Neginx_Webserver/providers/Microsoft.Compute/virtualMachines/NginxServer-Westus"
          },
          "sensitive_attributes": [],
          "private": "eyJlMmJmYjczMC1lY2FhLTExZTYtOGY4OC0zNDM2M2JjN2M0YzAiOnsiY3JlYXRlIjoxODAwMDAwMDAwMDAwLCJkZWxldGUiOjE4MDAwMDAwMDAwMDAsInJlYWQiOjMwMDAwMDAwMDAwMCwidXBkYXRlIjoxODAwMDAwMDAwMDAwfX0=",
          "dependencies": [
            "azurerm_public_ip.pip",
            "azurerm_resource_group.my_resource_group",
            "azurerm_subnet.linuxsubnet",
            "azurerm_virtual_network.vnet"
          ]
        }
      ]
    },
    {
      "mode": "managed",
      "type": "azurerm_network_security_group",
      "name": "nsgnginx",
      "provider": "provider[\"registry.terraform.io/hashicorp/azurerm\"]",
      "instances": [
        {
          "index_key": "Eastus",
          "schema_version": 0,
          "attributes": {
            "id": "/subscriptions/fb8777e1-661e-4739-a65f-da0009be9c82/resourceGroups/Neginx_Webserver/providers/Microsoft.Network/networkSecurityGroups/NSG-Eastus",
            "location": "eastus",
            "name": "NSG-Eastus",
            "resource_group_name": "Neginx_Webserver",
            "security_rule": [
              {
                "access": "Allow",
                "description": "",
                "destination_address_prefix": "*",
                "destination_address_prefixes": [],
                "destination_application_security_group_ids": [],
                "destination_port_range": "22",
                "destination_port_ranges": [],
                "direction": "Inbound",
                "name": "ssh",
                "priority": 1000,
                "protocol": "Tcp",
                "source_address_prefix": "*",
                "source_address_prefixes": [],
                "source_application_security_group_ids": [],
                "source_port_range": "*",
                "source_port_ranges": []
              },
              {
                "access": "Allow",
                "description": "",
                "destination_address_prefix": "*",
                "destination_address_prefixes": [],
                "destination_application_security_group_ids": [],
                "destination_port_range": "80",
                "destination_port_ranges": [],
                "direction": "Inbound",
                "name": "Http",
                "priority": 1001,
                "protocol": "Tcp",
                "source_address_prefix": "*",
                "source_address_prefixes": [],
                "source_application_security_group_ids": [],
                "source_port_range": "*",
                "source_port_ranges": []
              }
            ],
            "tags": {},
            "timeouts": null
          },
          "sensitive_attributes": [],
          "private": "eyJlMmJmYjczMC1lY2FhLTExZTYtOGY4OC0zNDM2M2JjN2M0YzAiOnsiY3JlYXRlIjoxODAwMDAwMDAwMDAwLCJkZWxldGUiOjE4MDAwMDAwMDAwMDAsInJlYWQiOjMwMDAwMDAwMDAwMCwidXBkYXRlIjoxODAwMDAwMDAwMDAwfX0=",
          "dependencies": [
            "azurerm_resource_group.my_resource_group"
          ]
        },
        {
          "index_key": "Westus",
          "schema_version": 0,
          "attributes": {
            "id": "/subscriptions/fb8777e1-661e-4739-a65f-da0009be9c82/resourceGroups/Neginx_Webserver/providers/Microsoft.Network/networkSecurityGroups/NSG-Westus",
            "location": "westus",
            "name": "NSG-Westus",
            "resource_group_name": "Neginx_Webserver",
            "security_rule": [
              {
                "access": "Allow",
                "description": "",
                "destination_address_prefix": "*",
                "destination_address_prefixes": [],
                "destination_application_security_group_ids": [],
                "destination_port_range": "22",
                "destination_port_ranges": [],
                "direction": "Inbound",
                "name": "ssh",
                "priority": 1000,
                "protocol": "Tcp",
                "source_address_prefix": "*",
                "source_address_prefixes": [],
                "source_application_security_group_ids": [],
                "source_port_range": "*",
                "source_port_ranges": []
              },
              {
                "access": "Allow",
                "description": "",
                "destination_address_prefix": "*",
                "destination_address_prefixes": [],
                "destination_application_security_group_ids": [],
                "destination_port_range": "80",
                "destination_port_ranges": [],
                "direction": "Inbound",
                "name": "Http",
                "priority": 1001,
                "protocol": "Tcp",
                "source_address_prefix": "*",
                "source_address_prefixes": [],
                "source_application_security_group_ids": [],
                "source_port_range": "*",
                "source_port_ranges": []
              }
            ],
            "tags": {},
            "timeouts": null
          },
          "sensitive_attributes": [],
          "private": "eyJlMmJmYjczMC1lY2FhLTExZTYtOGY4OC0zNDM2M2JjN2M0YzAiOnsiY3JlYXRlIjoxODAwMDAwMDAwMDAwLCJkZWxldGUiOjE4MDAwMDAwMDAwMDAsInJlYWQiOjMwMDAwMDAwMDAwMCwidXBkYXRlIjoxODAwMDAwMDAwMDAwfX0=",
          "dependencies": [
            "azurerm_resource_group.my_resource_group"
          ]
        }
      ]
    },
    {
      "mode": "managed",
      "type": "azurerm_public_ip",
      "name": "pip",
      "provider": "provider[\"registry.terraform.io/hashicorp/azurerm\"]",
      "instances": [
        {
          "index_key": "Eastus",
          "schema_version": 0,
          "attributes": {
            "allocation_method": "Dynamic",
            "ddos_protection_mode": "VirtualNetworkInherited",
            "ddos_protection_plan_id": null,
            "domain_name_label": "pip-eastus",
            "edge_zone": "",
            "fqdn": "pip-eastus.eastus.cloudapp.azure.com",
            "id": "/subscriptions/fb8777e1-661e-4739-a65f-da0009be9c82/resourceGroups/Neginx_Webserver/providers/Microsoft.Network/publicIPAddresses/Pip_Eastus",
            "idle_timeout_in_minutes": 4,
            "ip_address": "172.191.12.218",
            "ip_tags": {},
            "ip_version": "IPv4",
            "location": "eastus",
            "name": "Pip_Eastus",
            "public_ip_prefix_id": null,
            "resource_group_name": "Neginx_Webserver",
            "reverse_fqdn": "",
            "sku": "Basic",
            "sku_tier": "Regional",
            "tags": {},
            "timeouts": null,
            "zones": []
          },
          "sensitive_attributes": [],
          "private": "eyJlMmJmYjczMC1lY2FhLTExZTYtOGY4OC0zNDM2M2JjN2M0YzAiOnsiY3JlYXRlIjoxODAwMDAwMDAwMDAwLCJkZWxldGUiOjE4MDAwMDAwMDAwMDAsInJlYWQiOjMwMDAwMDAwMDAwMCwidXBkYXRlIjoxODAwMDAwMDAwMDAwfX0=",
          "dependencies": [
            "azurerm_resource_group.my_resource_group"
          ]
        },
        {
          "index_key": "Westus",
          "schema_version": 0,
          "attributes": {
            "allocation_method": "Dynamic",
            "ddos_protection_mode": "VirtualNetworkInherited",
            "ddos_protection_plan_id": null,
            "domain_name_label": "pip-westus",
            "edge_zone": "",
            "fqdn": "pip-westus.westus.cloudapp.azure.com",
            "id": "/subscriptions/fb8777e1-661e-4739-a65f-da0009be9c82/resourceGroups/Neginx_Webserver/providers/Microsoft.Network/publicIPAddresses/Pip_Westus",
            "idle_timeout_in_minutes": 4,
            "ip_address": "13.91.19.155",
            "ip_tags": {},
            "ip_version": "IPv4",
            "location": "westus",
            "name": "Pip_Westus",
            "public_ip_prefix_id": null,
            "resource_group_name": "Neginx_Webserver",
            "reverse_fqdn": "",
            "sku": "Basic",
            "sku_tier": "Regional",
            "tags": {},
            "timeouts": null,
            "zones": []
          },
          "sensitive_attributes": [],
          "private": "eyJlMmJmYjczMC1lY2FhLTExZTYtOGY4OC0zNDM2M2JjN2M0YzAiOnsiY3JlYXRlIjoxODAwMDAwMDAwMDAwLCJkZWxldGUiOjE4MDAwMDAwMDAwMDAsInJlYWQiOjMwMDAwMDAwMDAwMCwidXBkYXRlIjoxODAwMDAwMDAwMDAwfX0=",
          "dependencies": [
            "azurerm_resource_group.my_resource_group"
          ]
        }
      ]
    },
    {
      "mode": "managed",
      "type": "azurerm_resource_group",
      "name": "my_resource_group",
      "provider": "provider[\"registry.terraform.io/hashicorp/azurerm\"]",
      "instances": [
        {
          "schema_version": 0,
          "attributes": {
            "id": "/subscriptions/fb8777e1-661e-4739-a65f-da0009be9c82/resourceGroups/Neginx_Webserver",
            "location": "eastus",
            "managed_by": "",
            "name": "Neginx_Webserver",
            "tags": {},
            "timeouts": null
          },
          "sensitive_attributes": [],
          "private": "eyJlMmJmYjczMC1lY2FhLTExZTYtOGY4OC0zNDM2M2JjN2M0YzAiOnsiY3JlYXRlIjo1NDAwMDAwMDAwMDAwLCJkZWxldGUiOjU0MDAwMDAwMDAwMDAsInJlYWQiOjMwMDAwMDAwMDAwMCwidXBkYXRlIjo1NDAwMDAwMDAwMDAwfX0="
        }
      ]
    },
    {
      "mode": "managed",
      "type": "azurerm_subnet",
      "name": "linuxsubnet",
      "provider": "provider[\"registry.terraform.io/hashicorp/azurerm\"]",
      "instances": [
        {
          "index_key": "Eastus",
          "schema_version": 0,
          "attributes": {
            "address_prefixes": [
              "10.0.1.0/24"
            ],
            "delegation": [],
            "enforce_private_link_endpoint_network_policies": false,
            "enforce_private_link_service_network_policies": false,
            "id": "/subscriptions/fb8777e1-661e-4739-a65f-da0009be9c82/resourceGroups/Neginx_Webserver/providers/Microsoft.Network/virtualNetworks/Vnet_Eastus/subnets/subnet_Eastus",
            "name": "subnet_Eastus",
            "private_endpoint_network_policies_enabled": true,
            "private_link_service_network_policies_enabled": true,
            "resource_group_name": "Neginx_Webserver",
            "service_endpoint_policy_ids": [],
            "service_endpoints": [],
            "timeouts": null,
            "virtual_network_name": "Vnet_Eastus"
          },
          "sensitive_attributes": [],
          "private": "eyJlMmJmYjczMC1lY2FhLTExZTYtOGY4OC0zNDM2M2JjN2M0YzAiOnsiY3JlYXRlIjoxODAwMDAwMDAwMDAwLCJkZWxldGUiOjE4MDAwMDAwMDAwMDAsInJlYWQiOjMwMDAwMDAwMDAwMCwidXBkYXRlIjoxODAwMDAwMDAwMDAwfX0=",
          "dependencies": [
            "azurerm_resource_group.my_resource_group",
            "azurerm_virtual_network.vnet"
          ]
        },
        {
          "index_key": "Westus",
          "schema_version": 0,
          "attributes": {
            "address_prefixes": [
              "10.0.1.0/24"
            ],
            "delegation": [],
            "enforce_private_link_endpoint_network_policies": false,
            "enforce_private_link_service_network_policies": false,
            "id": "/subscriptions/fb8777e1-661e-4739-a65f-da0009be9c82/resourceGroups/Neginx_Webserver/providers/Microsoft.Network/virtualNetworks/Vnet_Westus/subnets/subnet_Westus",
            "name": "subnet_Westus",
            "private_endpoint_network_policies_enabled": true,
            "private_link_service_network_policies_enabled": true,
            "resource_group_name": "Neginx_Webserver",
            "service_endpoint_policy_ids": [],
            "service_endpoints": [],
            "timeouts": null,
            "virtual_network_name": "Vnet_Westus"
          },
          "sensitive_attributes": [],
          "private": "eyJlMmJmYjczMC1lY2FhLTExZTYtOGY4OC0zNDM2M2JjN2M0YzAiOnsiY3JlYXRlIjoxODAwMDAwMDAwMDAwLCJkZWxldGUiOjE4MDAwMDAwMDAwMDAsInJlYWQiOjMwMDAwMDAwMDAwMCwidXBkYXRlIjoxODAwMDAwMDAwMDAwfX0=",
          "dependencies": [
            "azurerm_resource_group.my_resource_group",
            "azurerm_virtual_network.vnet"
          ]
        }
      ]
    },
    {
      "mode": "managed",
      "type": "azurerm_subnet_network_security_group_association",
      "name": "nsgassociation",
      "provider": "provider[\"registry.terraform.io/hashicorp/azurerm\"]",
      "instances": [
        {
          "index_key": "Eastus",
          "schema_version": 0,
          "attributes": {
            "id": "/subscriptions/fb8777e1-661e-4739-a65f-da0009be9c82/resourceGroups/Neginx_Webserver/providers/Microsoft.Network/virtualNetworks/Vnet_Eastus/subnets/subnet_Eastus",
            "network_security_group_id": "/subscriptions/fb8777e1-661e-4739-a65f-da0009be9c82/resourceGroups/Neginx_Webserver/providers/Microsoft.Network/networkSecurityGroups/NSG-Eastus",
            "subnet_id": "/subscriptions/fb8777e1-661e-4739-a65f-da0009be9c82/resourceGroups/Neginx_Webserver/providers/Microsoft.Network/virtualNetworks/Vnet_Eastus/subnets/subnet_Eastus",
            "timeouts": null
          },
          "sensitive_attributes": [],
          "private": "eyJlMmJmYjczMC1lY2FhLTExZTYtOGY4OC0zNDM2M2JjN2M0YzAiOnsiY3JlYXRlIjoxODAwMDAwMDAwMDAwLCJkZWxldGUiOjE4MDAwMDAwMDAwMDAsInJlYWQiOjMwMDAwMDAwMDAwMH19",
          "dependencies": [
            "azurerm_network_security_group.nsgnginx",
            "azurerm_resource_group.my_resource_group",
            "azurerm_subnet.linuxsubnet",
            "azurerm_virtual_network.vnet"
          ]
        },
        {
          "index_key": "Westus",
          "schema_version": 0,
          "attributes": {
            "id": "/subscriptions/fb8777e1-661e-4739-a65f-da0009be9c82/resourceGroups/Neginx_Webserver/providers/Microsoft.Network/virtualNetworks/Vnet_Westus/subnets/subnet_Westus",
            "network_security_group_id": "/subscriptions/fb8777e1-661e-4739-a65f-da0009be9c82/resourceGroups/Neginx_Webserver/providers/Microsoft.Network/networkSecurityGroups/NSG-Westus",
            "subnet_id": "/subscriptions/fb8777e1-661e-4739-a65f-da0009be9c82/resourceGroups/Neginx_Webserver/providers/Microsoft.Network/virtualNetworks/Vnet_Westus/subnets/subnet_Westus",
            "timeouts": null
          },
          "sensitive_attributes": [],
          "private": "eyJlMmJmYjczMC1lY2FhLTExZTYtOGY4OC0zNDM2M2JjN2M0YzAiOnsiY3JlYXRlIjoxODAwMDAwMDAwMDAwLCJkZWxldGUiOjE4MDAwMDAwMDAwMDAsInJlYWQiOjMwMDAwMDAwMDAwMH19",
          "dependencies": [
            "azurerm_network_security_group.nsgnginx",
            "azurerm_resource_group.my_resource_group",
            "azurerm_subnet.linuxsubnet",
            "azurerm_virtual_network.vnet"
          ]
        }
      ]
    },
    {
      "mode": "managed",
      "type": "azurerm_traffic_manager_azure_endpoint",
      "name": "endpoint",
      "provider": "provider[\"registry.terraform.io/hashicorp/azurerm\"]",
      "instances": [
        {
          "index_key": "Eastus",
          "schema_version": 0,
          "attributes": {
            "always_serve_enabled": true,
            "custom_header": [],
            "enabled": true,
            "geo_mappings": null,
            "id": "/subscriptions/fb8777e1-661e-4739-a65f-da0009be9c82/resourceGroups/Neginx_Webserver/providers/Microsoft.Network/trafficManagerProfiles/nginx-lb-5kibn/AzureEndpoints/nginx-ep-Eastus",
            "name": "nginx-ep-Eastus",
            "priority": 3,
            "profile_id": "/subscriptions/fb8777e1-661e-4739-a65f-da0009be9c82/resourceGroups/Neginx_Webserver/providers/Microsoft.Network/trafficManagerProfiles/nginx-lb-5kibn",
            "subnet": [],
            "target_resource_id": "/subscriptions/fb8777e1-661e-4739-a65f-da0009be9c82/resourceGroups/Neginx_Webserver/providers/Microsoft.Network/publicIPAddresses/Pip_Eastus",
            "timeouts": null,
            "weight": 100
          },
          "sensitive_attributes": [],
          "private": "eyJlMmJmYjczMC1lY2FhLTExZTYtOGY4OC0zNDM2M2JjN2M0YzAiOnsiY3JlYXRlIjoxODAwMDAwMDAwMDAwLCJkZWxldGUiOjE4MDAwMDAwMDAwMDAsInJlYWQiOjMwMDAwMDAwMDAwMCwidXBkYXRlIjoxODAwMDAwMDAwMDAwfX0=",
          "dependencies": [
            "azurerm_public_ip.pip",
            "azurerm_resource_group.my_resource_group",
            "azurerm_traffic_manager_profile.TFLB",
            "random_string.trafficmanager"
          ]
        },
        {
          "index_key": "Westus",
          "schema_version": 0,
          "attributes": {
            "always_serve_enabled": true,
            "custom_header": [],
            "enabled": true,
            "geo_mappings": [],
            "id": "/subscriptions/fb8777e1-661e-4739-a65f-da0009be9c82/resourceGroups/Neginx_Webserver/providers/Microsoft.Network/trafficManagerProfiles/nginx-lb-5kibn/AzureEndpoints/nginx-ep-Westus",
            "name": "nginx-ep-Westus",
            "priority": 2,
            "profile_id": "/subscriptions/fb8777e1-661e-4739-a65f-da0009be9c82/resourceGroups/Neginx_Webserver/providers/Microsoft.Network/trafficManagerProfiles/nginx-lb-5kibn",
            "subnet": [],
            "target_resource_id": "/subscriptions/fb8777e1-661e-4739-a65f-da0009be9c82/resourceGroups/Neginx_Webserver/providers/Microsoft.Network/publicIPAddresses/Pip_Westus",
            "timeouts": null,
            "weight": 100
          },
          "sensitive_attributes": [],
          "private": "eyJlMmJmYjczMC1lY2FhLTExZTYtOGY4OC0zNDM2M2JjN2M0YzAiOnsiY3JlYXRlIjoxODAwMDAwMDAwMDAwLCJkZWxldGUiOjE4MDAwMDAwMDAwMDAsInJlYWQiOjMwMDAwMDAwMDAwMCwidXBkYXRlIjoxODAwMDAwMDAwMDAwfX0=",
          "dependencies": [
            "azurerm_public_ip.pip",
            "azurerm_resource_group.my_resource_group",
            "azurerm_traffic_manager_profile.TFLB",
            "random_string.trafficmanager"
          ]
        }
      ]
    },
    {
      "mode": "managed",
      "type": "azurerm_traffic_manager_azure_endpoint",
      "name": "name",
      "provider": "provider[\"registry.terraform.io/hashicorp/azurerm\"]",
      "instances": [
        {
          "index_key": "Eastus",
          "schema_version": 0,
          "attributes": {
            "always_serve_enabled": true,
            "custom_header": [],
            "enabled": true,
            "geo_mappings": [],
            "id": "/subscriptions/fb8777e1-661e-4739-a65f-da0009be9c82/resourceGroups/Neginx_Webserver/providers/Microsoft.Network/trafficManagerProfiles/nginx-lb-5kibn/AzureEndpoints/nginx-ep-5kibn",
            "name": "nginx-ep-5kibn",
            "priority": 1,
            "profile_id": "/subscriptions/fb8777e1-661e-4739-a65f-da0009be9c82/resourceGroups/Neginx_Webserver/providers/Microsoft.Network/trafficManagerProfiles/nginx-lb-5kibn",
            "subnet": [],
            "target_resource_id": "/subscriptions/fb8777e1-661e-4739-a65f-da0009be9c82/resourceGroups/Neginx_Webserver/providers/Microsoft.Network/publicIPAddresses/Pip_Eastus",
            "timeouts": null,
            "weight": 100
          },
          "sensitive_attributes": [],
          "private": "eyJlMmJmYjczMC1lY2FhLTExZTYtOGY4OC0zNDM2M2JjN2M0YzAiOnsiY3JlYXRlIjoxODAwMDAwMDAwMDAwLCJkZWxldGUiOjE4MDAwMDAwMDAwMDAsInJlYWQiOjMwMDAwMDAwMDAwMCwidXBkYXRlIjoxODAwMDAwMDAwMDAwfX0=",
          "dependencies": [
            "azurerm_public_ip.pip",
            "azurerm_resource_group.my_resource_group",
            "azurerm_traffic_manager_profile.TFLB",
            "random_string.trafficmanager"
          ]
        },
        {
          "index_key": "Westus",
          "schema_version": 0,
          "attributes": {
            "always_serve_enabled": true,
            "custom_header": [],
            "enabled": true,
            "geo_mappings": [],
            "id": "/subscriptions/fb8777e1-661e-4739-a65f-da0009be9c82/resourceGroups/Neginx_Webserver/providers/Microsoft.Network/trafficManagerProfiles/nginx-lb-5kibn/AzureEndpoints/nginx-ep-5kibn",
            "name": "nginx-ep-5kibn",
            "priority": 1,
            "profile_id": "/subscriptions/fb8777e1-661e-4739-a65f-da0009be9c82/resourceGroups/Neginx_Webserver/providers/Microsoft.Network/trafficManagerProfiles/nginx-lb-5kibn",
            "subnet": [],
            "target_resource_id": "/subscriptions/fb8777e1-661e-4739-a65f-da0009be9c82/resourceGroups/Neginx_Webserver/providers/Microsoft.Network/publicIPAddresses/Pip_Westus",
            "timeouts": null,
            "weight": 100
          },
          "sensitive_attributes": [],
          "private": "eyJlMmJmYjczMC1lY2FhLTExZTYtOGY4OC0zNDM2M2JjN2M0YzAiOnsiY3JlYXRlIjoxODAwMDAwMDAwMDAwLCJkZWxldGUiOjE4MDAwMDAwMDAwMDAsInJlYWQiOjMwMDAwMDAwMDAwMCwidXBkYXRlIjoxODAwMDAwMDAwMDAwfX0=",
          "dependencies": [
            "azurerm_public_ip.pip",
            "azurerm_resource_group.my_resource_group",
            "azurerm_traffic_manager_profile.TFLB",
            "random_string.trafficmanager"
          ]
        }
      ]
    },
    {
      "mode": "managed",
      "type": "azurerm_traffic_manager_profile",
      "name": "TFLB",
      "provider": "provider[\"registry.terraform.io/hashicorp/azurerm\"]",
      "instances": [
        {
          "schema_version": 0,
          "attributes": {
            "dns_config": [
              {
                "relative_name": "nginx-lb-5kibn",
                "ttl": 100
              }
            ],
            "fqdn": "nginx-lb-5kibn.trafficmanager.net",
            "id": "/subscriptions/fb8777e1-661e-4739-a65f-da0009be9c82/resourceGroups/Neginx_Webserver/providers/Microsoft.Network/trafficManagerProfiles/nginx-lb-5kibn",
            "max_return": 0,
            "monitor_config": [
              {
                "custom_header": [],
                "expected_status_code_ranges": [],
                "interval_in_seconds": 30,
                "path": "/",
                "port": 80,
                "protocol": "HTTP",
                "timeout_in_seconds": 9,
                "tolerated_number_of_failures": 3
              }
            ],
            "name": "nginx-lb-5kibn",
            "profile_status": "Enabled",
            "resource_group_name": "Neginx_Webserver",
            "tags": {},
            "timeouts": null,
            "traffic_routing_method": "Weighted",
            "traffic_view_enabled": false
          },
          "sensitive_attributes": [],
          "private": "eyJlMmJmYjczMC1lY2FhLTExZTYtOGY4OC0zNDM2M2JjN2M0YzAiOnsiY3JlYXRlIjoxODAwMDAwMDAwMDAwLCJkZWxldGUiOjE4MDAwMDAwMDAwMDAsInJlYWQiOjMwMDAwMDAwMDAwMCwidXBkYXRlIjoxODAwMDAwMDAwMDAwfX0=",
          "dependencies": [
            "azurerm_resource_group.my_resource_group",
            "random_string.trafficmanager"
          ]
        }
      ]
    },
    {
      "mode": "managed",
      "type": "azurerm_virtual_network",
      "name": "vnet",
      "provider": "provider[\"registry.terraform.io/hashicorp/azurerm\"]",
      "instances": [
        {
          "index_key": "Eastus",
          "schema_version": 0,
          "attributes": {
            "address_space": [
              "10.0.0.0/16"
            ],
            "bgp_community": "",
            "ddos_protection_plan": [],
            "dns_servers": [
              "8.8.8.8"
            ],
            "edge_zone": "",
            "encryption": [],
            "flow_timeout_in_minutes": 0,
            "guid": "4cf40c84-44e3-4501-81c3-a377882d486e",
            "id": "/subscriptions/fb8777e1-661e-4739-a65f-da0009be9c82/resourceGroups/Neginx_Webserver/providers/Microsoft.Network/virtualNetworks/Vnet_Eastus",
            "location": "eastus",
            "name": "Vnet_Eastus",
            "resource_group_name": "Neginx_Webserver",
            "subnet": [
              {
                "address_prefix": "10.0.1.0/24",
                "id": "/subscriptions/fb8777e1-661e-4739-a65f-da0009be9c82/resourceGroups/Neginx_Webserver/providers/Microsoft.Network/virtualNetworks/Vnet_Eastus/subnets/subnet_Eastus",
                "name": "subnet_Eastus",
                "security_group": "/subscriptions/fb8777e1-661e-4739-a65f-da0009be9c82/resourceGroups/Neginx_Webserver/providers/Microsoft.Network/networkSecurityGroups/NSG-Eastus"
              }
            ],
            "tags": {},
            "timeouts": null
          },
          "sensitive_attributes": [],
          "private": "eyJlMmJmYjczMC1lY2FhLTExZTYtOGY4OC0zNDM2M2JjN2M0YzAiOnsiY3JlYXRlIjoxODAwMDAwMDAwMDAwLCJkZWxldGUiOjE4MDAwMDAwMDAwMDAsInJlYWQiOjMwMDAwMDAwMDAwMCwidXBkYXRlIjoxODAwMDAwMDAwMDAwfX0=",
          "dependencies": [
            "azurerm_resource_group.my_resource_group"
          ]
        },
        {
          "index_key": "Westus",
          "schema_version": 0,
          "attributes": {
            "address_space": [
              "10.0.0.0/16"
            ],
            "bgp_community": "",
            "ddos_protection_plan": [],
            "dns_servers": [
              "8.8.8.8"
            ],
            "edge_zone": "",
            "encryption": [],
            "flow_timeout_in_minutes": 0,
            "guid": "6b6c3e79-8726-4219-8a5c-69e1d519255e",
            "id": "/subscriptions/fb8777e1-661e-4739-a65f-da0009be9c82/resourceGroups/Neginx_Webserver/providers/Microsoft.Network/virtualNetworks/Vnet_Westus",
            "location": "westus",
            "name": "Vnet_Westus",
            "resource_group_name": "Neginx_Webserver",
            "subnet": [
              {
                "address_prefix": "10.0.1.0/24",
                "id": "/subscriptions/fb8777e1-661e-4739-a65f-da0009be9c82/resourceGroups/Neginx_Webserver/providers/Microsoft.Network/virtualNetworks/Vnet_Westus/subnets/subnet_Westus",
                "name": "subnet_Westus",
                "security_group": "/subscriptions/fb8777e1-661e-4739-a65f-da0009be9c82/resourceGroups/Neginx_Webserver/providers/Microsoft.Network/networkSecurityGroups/NSG-Westus"
              }
            ],
            "tags": {},
            "timeouts": null
          },
          "sensitive_attributes": [],
          "private": "eyJlMmJmYjczMC1lY2FhLTExZTYtOGY4OC0zNDM2M2JjN2M0YzAiOnsiY3JlYXRlIjoxODAwMDAwMDAwMDAwLCJkZWxldGUiOjE4MDAwMDAwMDAwMDAsInJlYWQiOjMwMDAwMDAwMDAwMCwidXBkYXRlIjoxODAwMDAwMDAwMDAwfX0=",
          "dependencies": [
            "azurerm_resource_group.my_resource_group"
          ]
        }
      ]
    },
    {
      "mode": "managed",
      "type": "random_string",
      "name": "trafficmanager",
      "provider": "provider[\"registry.terraform.io/hashicorp/random\"]",
      "instances": [
        {
          "schema_version": 2,
          "attributes": {
            "id": "5kibn",
            "keepers": null,
            "length": 5,
            "lower": true,
            "min_lower": 0,
            "min_numeric": 0,
            "min_special": 0,
            "min_upper": 0,
            "number": true,
            "numeric": true,
            "override_special": null,
            "result": "5kibn",
            "special": false,
            "upper": false
          },
          "sensitive_attributes": []
        }
      ]
    }
  ],
  "check_results": null
}
