{
  "version": 4,
  "terraform_version": "1.6.6",
  "serial": 18,
  "lineage": "6eba5f58-26be-693f-7eae-1cc8071ddea7",
  "outputs": {},
  "resources": [
    {
      "module": "module.Resourcegroup",
      "mode": "managed",
      "type": "azurerm_resource_group",
      "name": "my_resource_group",
      "provider": "provider[\"registry.terraform.io/hashicorp/azurerm\"]",
      "instances": [
        {
          "schema_version": 0,
          "attributes": {
            "id": "/subscriptions/4cd6c07f-4375-45de-8747-31b0fcff381f/resourceGroups/linuxVmRG",
            "location": "eastus",
            "managed_by": "",
            "name": "linuxVmRG",
            "tags": {},
            "timeouts": null
          },
          "sensitive_attributes": [],
          "private": "eyJlMmJmYjczMC1lY2FhLTExZTYtOGY4OC0zNDM2M2JjN2M0YzAiOnsiY3JlYXRlIjo1NDAwMDAwMDAwMDAwLCJkZWxldGUiOjU0MDAwMDAwMDAwMDAsInJlYWQiOjMwMDAwMDAwMDAwMCwidXBkYXRlIjo1NDAwMDAwMDAwMDAwfX0="
        }
      ]
    },
    {
      "module": "module.VirtualNetwork",
      "mode": "managed",
      "type": "azurerm_virtual_network",
      "name": "vnet",
      "provider": "provider[\"registry.terraform.io/hashicorp/azurerm\"]",
      "instances": [
        {
          "schema_version": 0,
          "attributes": {
            "address_space": [
              "10.1.0.0/16"
            ],
            "bgp_community": "",
            "ddos_protection_plan": [],
            "dns_servers": [
              "10.1.0.4",
              "10.1.0.5"
            ],
            "edge_zone": "",
            "encryption": [],
            "flow_timeout_in_minutes": 0,
            "guid": "2c6b1d95-e0ba-4f04-a541-42b1a7387859",
            "id": "/subscriptions/4cd6c07f-4375-45de-8747-31b0fcff381f/resourceGroups/linuxVmRG/providers/Microsoft.Network/virtualNetworks/productionvnet",
            "location": "eastus",
            "name": "productionvnet",
            "resource_group_name": "linuxVmRG",
            "subnet": [
              {
                "address_prefix": "10.1.1.0/24",
                "id": "/subscriptions/4cd6c07f-4375-45de-8747-31b0fcff381f/resourceGroups/linuxVmRG/providers/Microsoft.Network/virtualNetworks/productionvnet/subnets/LinuxSubnet",
                "name": "LinuxSubnet",
                "security_group": ""
              }
            ],
            "tags": {},
            "timeouts": null
          },
          "sensitive_attributes": [],
          "private": "eyJlMmJmYjczMC1lY2FhLTExZTYtOGY4OC0zNDM2M2JjN2M0YzAiOnsiY3JlYXRlIjoxODAwMDAwMDAwMDAwLCJkZWxldGUiOjE4MDAwMDAwMDAwMDAsInJlYWQiOjMwMDAwMDAwMDAwMCwidXBkYXRlIjoxODAwMDAwMDAwMDAwfX0=",
          "dependencies": [
            "module.Resourcegroup.azurerm_resource_group.my_resource_group"
          ]
        }
      ]
    },
    {
      "module": "module.linuxsubnet",
      "mode": "managed",
      "type": "azurerm_subnet",
      "name": "linuxsubnet",
      "provider": "provider[\"registry.terraform.io/hashicorp/azurerm\"]",
      "instances": [
        {
          "schema_version": 0,
          "attributes": {
            "address_prefixes": [
              "10.1.1.0/24"
            ],
            "delegation": [],
            "enforce_private_link_endpoint_network_policies": false,
            "enforce_private_link_service_network_policies": false,
            "id": "/subscriptions/4cd6c07f-4375-45de-8747-31b0fcff381f/resourceGroups/linuxVmRG/providers/Microsoft.Network/virtualNetworks/productionvnet/subnets/LinuxSubnet",
            "name": "LinuxSubnet",
            "private_endpoint_network_policies_enabled": true,
            "private_link_service_network_policies_enabled": true,
            "resource_group_name": "linuxVmRG",
            "service_endpoint_policy_ids": [],
            "service_endpoints": [],
            "timeouts": null,
            "virtual_network_name": "productionvnet"
          },
          "sensitive_attributes": [],
          "private": "eyJlMmJmYjczMC1lY2FhLTExZTYtOGY4OC0zNDM2M2JjN2M0YzAiOnsiY3JlYXRlIjoxODAwMDAwMDAwMDAwLCJkZWxldGUiOjE4MDAwMDAwMDAwMDAsInJlYWQiOjMwMDAwMDAwMDAwMCwidXBkYXRlIjoxODAwMDAwMDAwMDAwfX0=",
          "dependencies": [
            "module.Resourcegroup.azurerm_resource_group.my_resource_group",
            "module.VirtualNetwork.azurerm_virtual_network.vnet"
          ]
        }
      ]
    },
    {
      "module": "module.linuxvm",
      "mode": "managed",
      "type": "azurerm_linux_virtual_machine",
      "name": "example",
      "provider": "provider[\"registry.terraform.io/hashicorp/azurerm\"]",
      "instances": [
        {
          "schema_version": 0,
          "attributes": {
            "additional_capabilities": [],
            "admin_password": "Password@123",
            "admin_ssh_key": [],
            "admin_username": "useradmin",
            "allow_extension_operations": true,
            "availability_set_id": "",
            "boot_diagnostics": [],
            "bypass_platform_safety_checks_on_user_schedule_enabled": false,
            "capacity_reservation_group_id": "",
            "computer_name": "linuxvm1",
            "custom_data": null,
            "dedicated_host_group_id": "",
            "dedicated_host_id": "",
            "disable_password_authentication": false,
            "disk_controller_type": "",
            "edge_zone": "",
            "encryption_at_host_enabled": false,
            "eviction_policy": "",
            "extensions_time_budget": "PT1H30M",
            "gallery_application": [],
            "id": "/subscriptions/4cd6c07f-4375-45de-8747-31b0fcff381f/resourceGroups/linuxVmRG/providers/Microsoft.Compute/virtualMachines/linuxvm1",
            "identity": [],
            "license_type": "",
            "location": "eastus",
            "max_bid_price": -1,
            "name": "linuxvm1",
            "network_interface_ids": [
              "/subscriptions/4cd6c07f-4375-45de-8747-31b0fcff381f/resourceGroups/linuxVmRG/providers/Microsoft.Network/networkInterfaces/linuxint1"
            ],
            "os_disk": [
              {
                "caching": "ReadWrite",
                "diff_disk_settings": [],
                "disk_encryption_set_id": "",
                "disk_size_gb": 30,
                "name": "linuxvm1_OsDisk_1_d15aa1fa8bd14f5db4ae77734dd444e9",
                "secure_vm_disk_encryption_set_id": "",
                "security_encryption_type": "",
                "storage_account_type": "Standard_LRS",
                "write_accelerator_enabled": false
              }
            ],
            "os_image_notification": [],
            "patch_assessment_mode": "ImageDefault",
            "patch_mode": "ImageDefault",
            "plan": [],
            "platform_fault_domain": -1,
            "priority": "Regular",
            "private_ip_address": "10.1.1.4",
            "private_ip_addresses": [
              "10.1.1.4"
            ],
            "provision_vm_agent": true,
            "proximity_placement_group_id": "",
            "public_ip_address": "",
            "public_ip_addresses": [],
            "reboot_setting": "",
            "resource_group_name": "linuxVmRG",
            "secret": [],
            "secure_boot_enabled": false,
            "size": "Standard_F2",
            "source_image_id": "",
            "source_image_reference": [
              {
                "offer": "0001-com-ubuntu-server-jammy",
                "publisher": "Canonical",
                "sku": "22_04-lts",
                "version": "latest"
              }
            ],
            "tags": {},
            "termination_notification": [],
            "timeouts": null,
            "user_data": "",
            "virtual_machine_id": "7b37c6cd-50ca-4989-a202-167985d32a7b",
            "virtual_machine_scale_set_id": "",
            "vm_agent_platform_updates_enabled": false,
            "vtpm_enabled": false,
            "zone": ""
          },
          "sensitive_attributes": [],
          "private": "eyJlMmJmYjczMC1lY2FhLTExZTYtOGY4OC0zNDM2M2JjN2M0YzAiOnsiY3JlYXRlIjoyNzAwMDAwMDAwMDAwLCJkZWxldGUiOjI3MDAwMDAwMDAwMDAsInJlYWQiOjMwMDAwMDAwMDAwMCwidXBkYXRlIjoyNzAwMDAwMDAwMDAwfX0=",
          "dependencies": [
            "module.Resourcegroup.azurerm_resource_group.my_resource_group",
            "module.VirtualNetwork.azurerm_virtual_network.vnet",
            "module.linuxsubnet.azurerm_subnet.linuxsubnet",
            "module.net-int.azurerm_network_interface.net-int",
            "module.publicip.azurerm_public_ip.pip"
          ]
        }
      ]
    },
    {
      "module": "module.net-int",
      "mode": "managed",
      "type": "azurerm_network_interface",
      "name": "net-int",
      "provider": "provider[\"registry.terraform.io/hashicorp/azurerm\"]",
      "instances": [
        {
          "schema_version": 0,
          "attributes": {
            "applied_dns_servers": [],
            "auxiliary_mode": "",
            "auxiliary_sku": "",
            "dns_servers": [],
            "edge_zone": "",
            "enable_accelerated_networking": false,
            "enable_ip_forwarding": false,
            "id": "/subscriptions/4cd6c07f-4375-45de-8747-31b0fcff381f/resourceGroups/linuxVmRG/providers/Microsoft.Network/networkInterfaces/linuxint1",
            "internal_dns_name_label": "",
            "internal_domain_name_suffix": "",
            "ip_configuration": [
              {
                "gateway_load_balancer_frontend_ip_configuration_id": "",
                "name": "internal",
                "primary": true,
                "private_ip_address": "10.1.1.4",
                "private_ip_address_allocation": "Dynamic",
                "private_ip_address_version": "IPv4",
                "public_ip_address_id": "/subscriptions/4cd6c07f-4375-45de-8747-31b0fcff381f/resourceGroups/linuxVmRG/providers/Microsoft.Network/publicIPAddresses/linuxpip",
                "subnet_id": "/subscriptions/4cd6c07f-4375-45de-8747-31b0fcff381f/resourceGroups/linuxVmRG/providers/Microsoft.Network/virtualNetworks/productionvnet/subnets/LinuxSubnet"
              }
            ],
            "location": "eastus",
            "mac_address": "00-0D-3A-98-76-4E",
            "name": "linuxint1",
            "private_ip_address": "10.1.1.4",
            "private_ip_addresses": [
              "10.1.1.4"
            ],
            "resource_group_name": "linuxVmRG",
            "tags": {},
            "timeouts": null,
            "virtual_machine_id": "/subscriptions/4cd6c07f-4375-45de-8747-31b0fcff381f/resourceGroups/linuxVmRG/providers/Microsoft.Compute/virtualMachines/linuxvm1"
          },
          "sensitive_attributes": [],
          "private": "eyJlMmJmYjczMC1lY2FhLTExZTYtOGY4OC0zNDM2M2JjN2M0YzAiOnsiY3JlYXRlIjoxODAwMDAwMDAwMDAwLCJkZWxldGUiOjE4MDAwMDAwMDAwMDAsInJlYWQiOjMwMDAwMDAwMDAwMCwidXBkYXRlIjoxODAwMDAwMDAwMDAwfX0=",
          "dependencies": [
            "module.Resourcegroup.azurerm_resource_group.my_resource_group",
            "module.VirtualNetwork.azurerm_virtual_network.vnet",
            "module.linuxsubnet.azurerm_subnet.linuxsubnet",
            "module.publicip.azurerm_public_ip.pip"
          ]
        }
      ]
    },
    {
      "module": "module.publicip",
      "mode": "managed",
      "type": "azurerm_public_ip",
      "name": "pip",
      "provider": "provider[\"registry.terraform.io/hashicorp/azurerm\"]",
      "instances": [
        {
          "schema_version": 0,
          "attributes": {
            "allocation_method": "Static",
            "ddos_protection_mode": "VirtualNetworkInherited",
            "ddos_protection_plan_id": null,
            "domain_name_label": null,
            "edge_zone": "",
            "fqdn": null,
            "id": "/subscriptions/4cd6c07f-4375-45de-8747-31b0fcff381f/resourceGroups/linuxVmRG/providers/Microsoft.Network/publicIPAddresses/linuxpip",
            "idle_timeout_in_minutes": 4,
            "ip_address": "40.88.144.56",
            "ip_tags": null,
            "ip_version": "IPv4",
            "location": "eastus",
            "name": "linuxpip",
            "public_ip_prefix_id": null,
            "resource_group_name": "linuxVmRG",
            "reverse_fqdn": null,
            "sku": "Basic",
            "sku_tier": "Regional",
            "tags": null,
            "timeouts": null,
            "zones": null
          },
          "sensitive_attributes": [],
          "private": "eyJlMmJmYjczMC1lY2FhLTExZTYtOGY4OC0zNDM2M2JjN2M0YzAiOnsiY3JlYXRlIjoxODAwMDAwMDAwMDAwLCJkZWxldGUiOjE4MDAwMDAwMDAwMDAsInJlYWQiOjMwMDAwMDAwMDAwMCwidXBkYXRlIjoxODAwMDAwMDAwMDAwfX0=",
          "dependencies": [
            "module.Resourcegroup.azurerm_resource_group.my_resource_group"
          ]
        }
      ]
    }
  ],
  "check_results": null
}
